Microsoft Visual Studio Solution File, Format Version 12.00
# Visual Studio Version 17
VisualStudioVersion = 17.5.2.0
MinimumVisualStudioVersion = 10.0.40219.1
Project("{FAE04EC0-301F-11D3-BF4B-00C04F79EFBC}") = "ModularCustomConsequences", "ModularCustomConsequences\ModularCustomConsequences.csproj", "{CBBA892C-D37D-205E-F37C-5F698586E83B}"
EndProject
Global
	GlobalSection(SolutionConfigurationPlatforms) = preSolution
		Debug|Any CPU = Debug|Any CPU
		Release|Any CPU = Release|Any CPU
	EndGlobalSection
	GlobalSection(ProjectConfigurationPlatforms) = postSolution
		{CBBA892C-D37D-205E-F37C-5F698586E83B}.Debug|Any CPU.ActiveCfg = Debug|Any CPU
		{CBBA892C-D37D-205E-F37C-5F698586E83B}.Debug|Any CPU.Build.0 = Debug|Any CPU
		{CBBA892C-D37D-205E-F37C-5F698586E83B}.Release|Any CPU.ActiveCfg = Release|Any CPU
		{CBBA892C-D37D-205E-F37C-5F698586E83B}.Release|Any CPU.Build.0 = Release|Any CPU
	EndGlobalSection
	GlobalSection(SolutionProperties) = preSolution
		HideSolutionNode = FALSE
	EndGlobalSection
	GlobalSection(ExtensibilityGlobals) = postSolution
		SolutionGuid = {B12768FA-9907-4786-B7EC-E7FBA7D9651A}
	EndGlobalSection
EndGlobal
